
Microsoft Visual Studio Solution File, Format Version 11.00
# Visual C++ Express 2010
Project("{8BC9CEB8-8B4A-11D0-8D11-00A0C91BC942}") = "Employee", "Employee\Employee.vcxproj", "{C07EFFA6-D5D9-47C9-AD46-B03367225ABE}"
EndProject
Global
	GlobalSection(SolutionConfigurationPlatforms) = preSolution
		Debug|Win32 = Debug|Win32
		Release|Win32 = Release|Win32
	EndGlobalSection
	GlobalSection(ProjectConfigurationPlatforms) = postSolution
		{C07EFFA6-D5D9-47C9-AD46-B03367225ABE}.Debug|Win32.ActiveCfg = Debug|Win32
		{C07EFFA6-D5D9-47C9-AD46-B03367225ABE}.Debug|Win32.Build.0 = Debug|Win32
		{C07EFFA6-D5D9-47C9-AD46-B03367225ABE}.Release|Win32.ActiveCfg = Release|Win32
		{C07EFFA6-D5D9-47C9-AD46-B03367225ABE}.Release|Win32.Build.0 = Release|Win32
	EndGlobalSection
	GlobalSection(SolutionProperties) = preSolution
		HideSolutionNode = FALSE
	EndGlobalSection
EndGlobal
